
Microsoft Visual Studio Solution File, Format Version 12.00
# Visual Studio 15
VisualStudioVersion = 15.0.27130.2010
MinimumVisualStudioVersion = 10.0.40219.1
Project("{8BC9CEB8-8B4A-11D0-8D11-00A0C91BC942}") = "1003我要通过", "1003我要通过\1003我要通过.vcxproj", "{243ABF69-C112-4023-B193-EAB54ECE5DB4}"
EndProject
Global
	GlobalSection(SolutionConfigurationPlatforms) = preSolution
		Debug|x64 = Debug|x64
		Debug|x86 = Debug|x86
		Release|x64 = Release|x64
		Release|x86 = Release|x86
	EndGlobalSection
	GlobalSection(ProjectConfigurationPlatforms) = postSolution
		{243ABF69-C112-4023-B193-EAB54ECE5DB4}.Debug|x64.ActiveCfg = Debug|x64
		{243ABF69-C112-4023-B193-EAB54ECE5DB4}.Debug|x64.Build.0 = Debug|x64
		{243ABF69-C112-4023-B193-EAB54ECE5DB4}.Debug|x86.ActiveCfg = Debug|Win32
		{243ABF69-C112-4023-B193-EAB54ECE5DB4}.Debug|x86.Build.0 = Debug|Win32
		{243ABF69-C112-4023-B193-EAB54ECE5DB4}.Release|x64.ActiveCfg = Release|x64
		{243ABF69-C112-4023-B193-EAB54ECE5DB4}.Release|x64.Build.0 = Release|x64
		{243ABF69-C112-4023-B193-EAB54ECE5DB4}.Release|x86.ActiveCfg = Release|Win32
		{243ABF69-C112-4023-B193-EAB54ECE5DB4}.Release|x86.Build.0 = Release|Win32
	EndGlobalSection
	GlobalSection(SolutionProperties) = preSolution
		HideSolutionNode = FALSE
	EndGlobalSection
	GlobalSection(ExtensibilityGlobals) = postSolution
		SolutionGuid = {CD71DFFD-C5A4-4ACD-B82D-D0B5AD81C4BA}
	EndGlobalSection
EndGlobal
